
Microsoft Visual Studio Solution File, Format Version 12.00
# Visual Studio Version 17
VisualStudioVersion = 17.0.32014.148
MinimumVisualStudioVersion = 10.0.40219.1
Project("{9A19103F-16F7-4668-BE54-9A1E7A4F7556}") = "UnqMeterAPI", "UnqMeterAPI\UnqMeterAPI.csproj", "{74C13FC9-3B78-4947-BF17-466E07DCAFBE}"
EndProject
Project("{E53339B2-1760-4266-BCC7-CA923CBCF16C}") = "docker-compose", "docker-compose.dcproj", "{1B639F71-3AC6-4B40-B002-F0A29F076071}"
EndProject
Project("{2150E333-8FDC-42A3-9474-1A3956D46DE8}") = "Solution Items", "Solution Items", "{6EDA066E-EEDC-48D4-BBA2-490DFAA09F90}"
	ProjectSection(SolutionItems) = preProject
		.editorconfig = .editorconfig
	EndProjectSection
EndProject
Project("{FAE04EC0-301F-11D3-BF4B-00C04F79EFBC}") = "UnqMeterAPI.Test", "UnqMeterAPI.Test\UnqMeterAPI.Test.csproj", "{7E463F6C-6BEC-4C76-A800-B424A876C519}"
EndProject
Global
	GlobalSection(SolutionConfigurationPlatforms) = preSolution
		Debug|Any CPU = Debug|Any CPU
		Release|Any CPU = Release|Any CPU
	EndGlobalSection
	GlobalSection(ProjectConfigurationPlatforms) = postSolution
		{74C13FC9-3B78-4947-BF17-466E07DCAFBE}.Debug|Any CPU.ActiveCfg = Debug|Any CPU
		{74C13FC9-3B78-4947-BF17-466E07DCAFBE}.Debug|Any CPU.Build.0 = Debug|Any CPU
		{74C13FC9-3B78-4947-BF17-466E07DCAFBE}.Release|Any CPU.ActiveCfg = Release|Any CPU
		{74C13FC9-3B78-4947-BF17-466E07DCAFBE}.Release|Any CPU.Build.0 = Release|Any CPU
		{1B639F71-3AC6-4B40-B002-F0A29F076071}.Debug|Any CPU.ActiveCfg = Debug|Any CPU
		{1B639F71-3AC6-4B40-B002-F0A29F076071}.Debug|Any CPU.Build.0 = Debug|Any CPU
		{1B639F71-3AC6-4B40-B002-F0A29F076071}.Release|Any CPU.ActiveCfg = Release|Any CPU
		{1B639F71-3AC6-4B40-B002-F0A29F076071}.Release|Any CPU.Build.0 = Release|Any CPU
		{7E463F6C-6BEC-4C76-A800-B424A876C519}.Debug|Any CPU.ActiveCfg = Debug|Any CPU
		{7E463F6C-6BEC-4C76-A800-B424A876C519}.Debug|Any CPU.Build.0 = Debug|Any CPU
		{7E463F6C-6BEC-4C76-A800-B424A876C519}.Release|Any CPU.ActiveCfg = Release|Any CPU
		{7E463F6C-6BEC-4C76-A800-B424A876C519}.Release|Any CPU.Build.0 = Release|Any CPU
	EndGlobalSection
	GlobalSection(SolutionProperties) = preSolution
		HideSolutionNode = FALSE
	EndGlobalSection
	GlobalSection(ExtensibilityGlobals) = postSolution
		SolutionGuid = {286680D5-5555-4DA8-A3CB-03C01A00B34E}
	EndGlobalSection
EndGlobal
