
Microsoft Visual Studio Solution File, Format Version 12.00
# Visual Studio Version 17
VisualStudioVersion = 17.0.32014.148
MinimumVisualStudioVersion = 10.0.40219.1
Project("{FAE04EC0-301F-11D3-BF4B-00C04F79EFBC}") = "UnqMeterAPI", "UnqMeterAPI\UnqMeterAPI.csproj", "{74C13FC9-3B78-4947-BF17-466E07DCAFBE}"
EndProject
Global
	GlobalSection(SolutionConfigurationPlatforms) = preSolution
		Debug|Any CPU = Debug|Any CPU
		Release|Any CPU = Release|Any CPU
	EndGlobalSection
	GlobalSection(ProjectConfigurationPlatforms) = postSolution
		{74C13FC9-3B78-4947-BF17-466E07DCAFBE}.Debug|Any CPU.ActiveCfg = Debug|Any CPU
		{74C13FC9-3B78-4947-BF17-466E07DCAFBE}.Debug|Any CPU.Build.0 = Debug|Any CPU
		{74C13FC9-3B78-4947-BF17-466E07DCAFBE}.Release|Any CPU.ActiveCfg = Release|Any CPU
		{74C13FC9-3B78-4947-BF17-466E07DCAFBE}.Release|Any CPU.Build.0 = Release|Any CPU
	EndGlobalSection
	GlobalSection(SolutionProperties) = preSolution
		HideSolutionNode = FALSE
	EndGlobalSection
	GlobalSection(ExtensibilityGlobals) = postSolution
		SolutionGuid = {286680D5-5555-4DA8-A3CB-03C01A00B34E}
	EndGlobalSection
EndGlobal
